// !$*UTF8*$!
{
	archiveVersion = 1;
	classes = {
	};
	objectVersion = 50;
	objects = {

/* Begin PBXBuildFile section */
		092F6C6B2380CD02007D22B0 /* AppDelegate.swift in Sources */ = {isa = PBXBuildFile; fileRef = 092F6C6A2380CD02007D22B0 /* AppDelegate.swift */; };
		092F6C6D2380CD02007D22B0 /* SceneDelegate.swift in Sources */ = {isa = PBXBuildFile; fileRef = 092F6C6C2380CD02007D22B0 /* SceneDelegate.swift */; };
		092F6C6F2380CD02007D22B0 /* ContentView.swift in Sources */ = {isa = PBXBuildFile; fileRef = 092F6C6E2380CD02007D22B0 /* ContentView.swift */; };
		092F6C712380CD04007D22B0 /* Assets.xcassets in Resources */ = {isa = PBXBuildFile; fileRef = 092F6C702380CD04007D22B0 /* Assets.xcassets */; };
		092F6C742380CD04007D22B0 /* Preview Assets.xcassets in Resources */ = {isa = PBXBuildFile; fileRef = 092F6C732380CD04007D22B0 /* Preview Assets.xcassets */; };
		092F6C772380CD04007D22B0 /* LaunchScreen.storyboard in Resources */ = {isa = PBXBuildFile; fileRef = 092F6C752380CD04007D22B0 /* LaunchScreen.storyboard */; };
		092F6C822380CD04007D22B0 /* CookingProcedureTests.swift in Sources */ = {isa = PBXBuildFile; fileRef = 092F6C812380CD04007D22B0 /* CookingProcedureTests.swift */; };
		092F6C8D2380CD04007D22B0 /* CookingProcedureUITests.swift in Sources */ = {isa = PBXBuildFile; fileRef = 092F6C8C2380CD04007D22B0 /* CookingProcedureUITests.swift */; };
		092F6C922380CD04007D22B0 /* CookingProcedure WatchKit App.app in Embed Watch Content */ = {isa = PBXBuildFile; fileRef = 092F6C912380CD04007D22B0 /* CookingProcedure WatchKit App.app */; settings = {ATTRIBUTES = (RemoveHeadersOnCopy, ); }; };
		092F6C982380CD04007D22B0 /* Interface.storyboard in Resources */ = {isa = PBXBuildFile; fileRef = 092F6C962380CD04007D22B0 /* Interface.storyboard */; };
		092F6C9A2380CD05007D22B0 /* Assets.xcassets in Resources */ = {isa = PBXBuildFile; fileRef = 092F6C992380CD05007D22B0 /* Assets.xcassets */; };
		092F6CA12380CD05007D22B0 /* CookingProcedure WatchKit Extension.appex in Embed App Extensions */ = {isa = PBXBuildFile; fileRef = 092F6CA02380CD05007D22B0 /* CookingProcedure WatchKit Extension.appex */; settings = {ATTRIBUTES = (RemoveHeadersOnCopy, ); }; };
		092F6CA62380CD05007D22B0 /* ContentView.swift in Sources */ = {isa = PBXBuildFile; fileRef = 092F6CA52380CD05007D22B0 /* ContentView.swift */; };
		092F6CA82380CD05007D22B0 /* HostingController.swift in Sources */ = {isa = PBXBuildFile; fileRef = 092F6CA72380CD05007D22B0 /* HostingController.swift */; };
		092F6CAA2380CD05007D22B0 /* ExtensionDelegate.swift in Sources */ = {isa = PBXBuildFile; fileRef = 092F6CA92380CD05007D22B0 /* ExtensionDelegate.swift */; };
		092F6CAC2380CD05007D22B0 /* NotificationController.swift in Sources */ = {isa = PBXBuildFile; fileRef = 092F6CAB2380CD05007D22B0 /* NotificationController.swift */; };
		092F6CAE2380CD05007D22B0 /* NotificationView.swift in Sources */ = {isa = PBXBuildFile; fileRef = 092F6CAD2380CD05007D22B0 /* NotificationView.swift */; };
		092F6CB02380CD05007D22B0 /* ComplicationController.swift in Sources */ = {isa = PBXBuildFile; fileRef = 092F6CAF2380CD05007D22B0 /* ComplicationController.swift */; };
		092F6CB22380CD05007D22B0 /* Assets.xcassets in Resources */ = {isa = PBXBuildFile; fileRef = 092F6CB12380CD05007D22B0 /* Assets.xcassets */; };
		092F6CB52380CD05007D22B0 /* Preview Assets.xcassets in Resources */ = {isa = PBXBuildFile; fileRef = 092F6CB42380CD05007D22B0 /* Preview Assets.xcassets */; };
		092F6CCC2380D3AB007D22B0 /* CardView.swift in Sources */ = {isa = PBXBuildFile; fileRef = 092F6CCB2380D3AB007D22B0 /* CardView.swift */; };
		092F6CCF2380EE47007D22B0 /* CookingProceduredetail.swift in Sources */ = {isa = PBXBuildFile; fileRef = 092F6CCE2380EE47007D22B0 /* CookingProceduredetail.swift */; };
/* End PBXBuildFile section */

/* Begin PBXContainerItemProxy section */
		092F6C7E2380CD04007D22B0 /* PBXContainerItemProxy */ = {
			isa = PBXContainerItemProxy;
			containerPortal = 092F6C5F2380CD02007D22B0 /* Project object */;
			proxyType = 1;
			remoteGlobalIDString = 092F6C662380CD02007D22B0;
			remoteInfo = CookingProcedure;
		};
		092F6C892380CD04007D22B0 /* PBXContainerItemProxy */ = {
			isa = PBXContainerItemProxy;
			containerPortal = 092F6C5F2380CD02007D22B0 /* Project object */;
			proxyType = 1;
			remoteGlobalIDString = 092F6C662380CD02007D22B0;
			remoteInfo = CookingProcedure;
		};
		092F6C932380CD04007D22B0 /* PBXContainerItemProxy */ = {
			isa = PBXContainerItemProxy;
			containerPortal = 092F6C5F2380CD02007D22B0 /* Project object */;
			proxyType = 1;
			remoteGlobalIDString = 092F6C902380CD04007D22B0;
			remoteInfo = "CookingProcedure WatchKit App";
		};
		092F6CA22380CD05007D22B0 /* PBXContainerItemProxy */ = {
			isa = PBXContainerItemProxy;
			containerPortal = 092F6C5F2380CD02007D22B0 /* Project object */;
			proxyType = 1;
			remoteGlobalIDString = 092F6C9F2380CD05007D22B0;
			remoteInfo = "CookingProcedure WatchKit Extension";
		};
/* End PBXContainerItemProxy section */

/* Begin PBXCopyFilesBuildPhase section */
		092F6CBD2380CD05007D22B0 /* Embed App Extensions */ = {
			isa = PBXCopyFilesBuildPhase;
			buildActionMask = 2147483647;
			dstPath = "";
			dstSubfolderSpec = 13;
			files = (
				092F6CA12380CD05007D22B0 /* CookingProcedure WatchKit Extension.appex in Embed App Extensions */,
			);
			name = "Embed App Extensions";
			runOnlyForDeploymentPostprocessing = 0;
		};
		092F6CC12380CD05007D22B0 /* Embed Watch Content */ = {
			isa = PBXCopyFilesBuildPhase;
			buildActionMask = 2147483647;
			dstPath = "$(CONTENTS_FOLDER_PATH)/Watch";
			dstSubfolderSpec = 16;
			files = (
				092F6C922380CD04007D22B0 /* CookingProcedure WatchKit App.app in Embed Watch Content */,
			);
			name = "Embed Watch Content";
			runOnlyForDeploymentPostprocessing = 0;
		};
/* End PBXCopyFilesBuildPhase section */

/* Begin PBXFileReference section */
		092F6C672380CD02007D22B0 /* CookingProcedure.app */ = {isa = PBXFileReference; explicitFileType = wrapper.application; includeInIndex = 0; path = CookingProcedure.app; sourceTree = BUILT_PRODUCTS_DIR; };
		092F6C6A2380CD02007D22B0 /* AppDelegate.swift */ = {isa = PBXFileReference; lastKnownFileType = sourcecode.swift; path = AppDelegate.swift; sourceTree = "<group>"; };
		092F6C6C2380CD02007D22B0 /* SceneDelegate.swift */ = {isa = PBXFileReference; lastKnownFileType = sourcecode.swift; path = SceneDelegate.swift; sourceTree = "<group>"; };
		092F6C6E2380CD02007D22B0 /* ContentView.swift */ = {isa = PBXFileReference; lastKnownFileType = sourcecode.swift; path = ContentView.swift; sourceTree = "<group>"; };
		092F6C702380CD04007D22B0 /* Assets.xcassets */ = {isa = PBXFileReference; lastKnownFileType = folder.assetcatalog; path = Assets.xcassets; sourceTree = "<group>"; };
		092F6C732380CD04007D22B0 /* Preview Assets.xcassets */ = {isa = PBXFileReference; lastKnownFileType = folder.assetcatalog; path = "Preview Assets.xcassets"; sourceTree = "<group>"; };
		092F6C762380CD04007D22B0 /* Base */ = {isa = PBXFileReference; lastKnownFileType = file.storyboard; name = Base; path = Base.lproj/LaunchScreen.storyboard; sourceTree = "<group>"; };
		092F6C782380CD04007D22B0 /* Info.plist */ = {isa = PBXFileReference; lastKnownFileType = text.plist.xml; path = Info.plist; sourceTree = "<group>"; };
		092F6C7D2380CD04007D22B0 /* CookingProcedureTests.xctest */ = {isa = PBXFileReference; explicitFileType = wrapper.cfbundle; includeInIndex = 0; path = CookingProcedureTests.xctest; sourceTree = BUILT_PRODUCTS_DIR; };
		092F6C812380CD04007D22B0 /* CookingProcedureTests.swift */ = {isa = PBXFileReference; lastKnownFileType = sourcecode.swift; path = CookingProcedureTests.swift; sourceTree = "<group>"; };
		092F6C832380CD04007D22B0 /* Info.plist */ = {isa = PBXFileReference; lastKnownFileType = text.plist.xml; path = Info.plist; sourceTree = "<group>"; };
		092F6C882380CD04007D22B0 /* CookingProcedureUITests.xctest */ = {isa = PBXFileReference; explicitFileType = wrapper.cfbundle; includeInIndex = 0; path = CookingProcedureUITests.xctest; sourceTree = BUILT_PRODUCTS_DIR; };
		092F6C8C2380CD04007D22B0 /* CookingProcedureUITests.swift */ = {isa = PBXFileReference; lastKnownFileType = sourcecode.swift; path = CookingProcedureUITests.swift; sourceTree = "<group>"; };
		092F6C8E2380CD04007D22B0 /* Info.plist */ = {isa = PBXFileReference; lastKnownFileType = text.plist.xml; path = Info.plist; sourceTree = "<group>"; };
		092F6C912380CD04007D22B0 /* CookingProcedure WatchKit App.app */ = {isa = PBXFileReference; explicitFileType = wrapper.application; includeInIndex = 0; path = "CookingProcedure WatchKit App.app"; sourceTree = BUILT_PRODUCTS_DIR; };
		092F6C972380CD04007D22B0 /* Base */ = {isa = PBXFileReference; lastKnownFileType = file.storyboard; name = Base; path = Base.lproj/Interface.storyboard; sourceTree = "<group>"; };
		092F6C992380CD05007D22B0 /* Assets.xcassets */ = {isa = PBXFileReference; lastKnownFileType = folder.assetcatalog; path = Assets.xcassets; sourceTree = "<group>"; };
		092F6C9B2380CD05007D22B0 /* Info.plist */ = {isa = PBXFileReference; lastKnownFileType = text.plist.xml; path = Info.plist; sourceTree = "<group>"; };
		092F6CA02380CD05007D22B0 /* CookingProcedure WatchKit Extension.appex */ = {isa = PBXFileReference; explicitFileType = "wrapper.app-extension"; includeInIndex = 0; path = "CookingProcedure WatchKit Extension.appex"; sourceTree = BUILT_PRODUCTS_DIR; };
		092F6CA52380CD05007D22B0 /* ContentView.swift */ = {isa = PBXFileReference; lastKnownFileType = sourcecode.swift; path = ContentView.swift; sourceTree = "<group>"; };
		092F6CA72380CD05007D22B0 /* HostingController.swift */ = {isa = PBXFileReference; lastKnownFileType = sourcecode.swift; path = HostingController.swift; sourceTree = "<group>"; };
		092F6CA92380CD05007D22B0 /* ExtensionDelegate.swift */ = {isa = PBXFileReference; lastKnownFileType = sourcecode.swift; path = ExtensionDelegate.swift; sourceTree = "<group>"; };
		092F6CAB2380CD05007D22B0 /* NotificationController.swift */ = {isa = PBXFileReference; lastKnownFileType = sourcecode.swift; path = NotificationController.swift; sourceTree = "<group>"; };
		092F6CAD2380CD05007D22B0 /* NotificationView.swift */ = {isa = PBXFileReference; lastKnownFileType = sourcecode.swift; path = NotificationView.swift; sourceTree = "<group>"; };
		092F6CAF2380CD05007D22B0 /* ComplicationController.swift */ = {isa = PBXFileReference; lastKnownFileType = sourcecode.swift; path = ComplicationController.swift; sourceTree = "<group>"; };
		092F6CB12380CD05007D22B0 /* Assets.xcassets */ = {isa = PBXFileReference; lastKnownFileType = folder.assetcatalog; path = Assets.xcassets; sourceTree = "<group>"; };
		092F6CB42380CD05007D22B0 /* Preview Assets.xcassets */ = {isa = PBXFileReference; lastKnownFileType = folder.assetcatalog; path = "Preview Assets.xcassets"; sourceTree = "<group>"; };
		092F6CB62380CD05007D22B0 /* Info.plist */ = {isa = PBXFileReference; lastKnownFileType = text.plist.xml; path = Info.plist; sourceTree = "<group>"; };
		092F6CB72380CD05007D22B0 /* PushNotificationPayload.apns */ = {isa = PBXFileReference; lastKnownFileType = text; path = PushNotificationPayload.apns; sourceTree = "<group>"; };
		092F6CCB2380D3AB007D22B0 /* CardView.swift */ = {isa = PBXFileReference; lastKnownFileType = sourcecode.swift; path = CardView.swift; sourceTree = "<group>"; };
		092F6CCE2380EE47007D22B0 /* CookingProceduredetail.swift */ = {isa = PBXFileReference; lastKnownFileType = sourcecode.swift; path = CookingProceduredetail.swift; sourceTree = "<group>"; };
/* End PBXFileReference section */

/* Begin PBXFrameworksBuildPhase section */
		092F6C642380CD02007D22B0 /* Frameworks */ = {
			isa = PBXFrameworksBuildPhase;
			buildActionMask = 2147483647;
			files = (
			);
			runOnlyForDeploymentPostprocessing = 0;
		};
		092F6C7A2380CD04007D22B0 /* Frameworks */ = {
			isa = PBXFrameworksBuildPhase;
			buildActionMask = 2147483647;
			files = (
			);
			runOnlyForDeploymentPostprocessing = 0;
		};
		092F6C852380CD04007D22B0 /* Frameworks */ = {
			isa = PBXFrameworksBuildPhase;
			buildActionMask = 2147483647;
			files = (
			);
			runOnlyForDeploymentPostprocessing = 0;
		};
		092F6C9D2380CD05007D22B0 /* Frameworks */ = {
			isa = PBXFrameworksBuildPhase;
			buildActionMask = 2147483647;
			files = (
			);
			runOnlyForDeploymentPostprocessing = 0;
		};
/* End PBXFrameworksBuildPhase section */

/* Begin PBXGroup section */
		092F6C5E2380CD02007D22B0 = {
			isa = PBXGroup;
			children = (
				092F6C692380CD02007D22B0 /* CookingProcedure */,
				092F6C802380CD04007D22B0 /* CookingProcedureTests */,
				092F6C8B2380CD04007D22B0 /* CookingProcedureUITests */,
				092F6C952380CD04007D22B0 /* CookingProcedure WatchKit App */,
				092F6CA42380CD05007D22B0 /* CookingProcedure WatchKit Extension */,
				092F6C682380CD02007D22B0 /* Products */,
			);
			sourceTree = "<group>";
		};
		092F6C682380CD02007D22B0 /* Products */ = {
			isa = PBXGroup;
			children = (
				092F6C672380CD02007D22B0 /* CookingProcedure.app */,
				092F6C7D2380CD04007D22B0 /* CookingProcedureTests.xctest */,
				092F6C882380CD04007D22B0 /* CookingProcedureUITests.xctest */,
				092F6C912380CD04007D22B0 /* CookingProcedure WatchKit App.app */,
				092F6CA02380CD05007D22B0 /* CookingProcedure WatchKit Extension.appex */,
			);
			name = Products;
			sourceTree = "<group>";
		};
		092F6C692380CD02007D22B0 /* CookingProcedure */ = {
			isa = PBXGroup;
			children = (
				092F6C6A2380CD02007D22B0 /* AppDelegate.swift */,
				092F6C6C2380CD02007D22B0 /* SceneDelegate.swift */,
				092F6C6E2380CD02007D22B0 /* ContentView.swift */,
				092F6C702380CD04007D22B0 /* Assets.xcassets */,
				092F6C752380CD04007D22B0 /* LaunchScreen.storyboard */,
				092F6C782380CD04007D22B0 /* Info.plist */,
				092F6C722380CD04007D22B0 /* Preview Content */,
				092F6CCB2380D3AB007D22B0 /* CardView.swift */,
				092F6CCE2380EE47007D22B0 /* CookingProceduredetail.swift */,
			);
			path = CookingProcedure;
			sourceTree = "<group>";
		};
		092F6C722380CD04007D22B0 /* Preview Content */ = {
			isa = PBXGroup;
			children = (
				092F6C732380CD04007D22B0 /* Preview Assets.xcassets */,
			);
			path = "Preview Content";
			sourceTree = "<group>";
		};
		092F6C802380CD04007D22B0 /* CookingProcedureTests */ = {
			isa = PBXGroup;
			children = (
				092F6C812380CD04007D22B0 /* CookingProcedureTests.swift */,
				092F6C832380CD04007D22B0 /* Info.plist */,
			);
			path = CookingProcedureTests;
			sourceTree = "<group>";
		};
		092F6C8B2380CD04007D22B0 /* CookingProcedureUITests */ = {
			isa = PBXGroup;
			children = (
				092F6C8C2380CD04007D22B0 /* CookingProcedureUITests.swift */,
				092F6C8E2380CD04007D22B0 /* Info.plist */,
			);
			path = CookingProcedureUITests;
			sourceTree = "<group>";
		};
		092F6C952380CD04007D22B0 /* CookingProcedure WatchKit App */ = {
			isa = PBXGroup;
			children = (
				092F6C962380CD04007D22B0 /* Interface.storyboard */,
				092F6C992380CD05007D22B0 /* Assets.xcassets */,
				092F6C9B2380CD05007D22B0 /* Info.plist */,
			);
			path = "CookingProcedure WatchKit App";
			sourceTree = "<group>";
		};
		092F6CA42380CD05007D22B0 /* CookingProcedure WatchKit Extension */ = {
			isa = PBXGroup;
			children = (
				092F6CA52380CD05007D22B0 /* ContentView.swift */,
				092F6CA72380CD05007D22B0 /* HostingController.swift */,
				092F6CA92380CD05007D22B0 /* ExtensionDelegate.swift */,
				092F6CAB2380CD05007D22B0 /* NotificationController.swift */,
				092F6CAD2380CD05007D22B0 /* NotificationView.swift */,
				092F6CAF2380CD05007D22B0 /* ComplicationController.swift */,
				092F6CB12380CD05007D22B0 /* Assets.xcassets */,
				092F6CB62380CD05007D22B0 /* Info.plist */,
				092F6CB72380CD05007D22B0 /* PushNotificationPayload.apns */,
				092F6CB32380CD05007D22B0 /* Preview Content */,
			);
			path = "CookingProcedure WatchKit Extension";
			sourceTree = "<group>";
		};
		092F6CB32380CD05007D22B0 /* Preview Content */ = {
			isa = PBXGroup;
			children = (
				092F6CB42380CD05007D22B0 /* Preview Assets.xcassets */,
			);
			path = "Preview Content";
			sourceTree = "<group>";
		};
/* End PBXGroup section */

/* Begin PBXNativeTarget section */
		092F6C662380CD02007D22B0 /* CookingProcedure */ = {
			isa = PBXNativeTarget;
			buildConfigurationList = 092F6CC22380CD05007D22B0 /* Build configuration list for PBXNativeTarget "CookingProcedure" */;
			buildPhases = (
				092F6C632380CD02007D22B0 /* Sources */,
				092F6C642380CD02007D22B0 /* Frameworks */,
				092F6C652380CD02007D22B0 /* Resources */,
				092F6CC12380CD05007D22B0 /* Embed Watch Content */,
			);
			buildRules = (
			);
			dependencies = (
				092F6C942380CD04007D22B0 /* PBXTargetDependency */,
			);
			name = CookingProcedure;
			productName = CookingProcedure;
			productReference = 092F6C672380CD02007D22B0 /* CookingProcedure.app */;
			productType = "com.apple.product-type.application";
		};
		092F6C7C2380CD04007D22B0 /* CookingProcedureTests */ = {
			isa = PBXNativeTarget;
			buildConfigurationList = 092F6CC52380CD05007D22B0 /* Build configuration list for PBXNativeTarget "CookingProcedureTests" */;
			buildPhases = (
				092F6C792380CD04007D22B0 /* Sources */,
				092F6C7A2380CD04007D22B0 /* Frameworks */,
				092F6C7B2380CD04007D22B0 /* Resources */,
			);
			buildRules = (
			);
			dependencies = (
				092F6C7F2380CD04007D22B0 /* PBXTargetDependency */,
			);
			name = CookingProcedureTests;
			productName = CookingProcedureTests;
			productReference = 092F6C7D2380CD04007D22B0 /* CookingProcedureTests.xctest */;
			productType = "com.apple.product-type.bundle.unit-test";
		};
		092F6C872380CD04007D22B0 /* CookingProcedureUITests */ = {
			isa = PBXNativeTarget;
			buildConfigurationList = 092F6CC82380CD05007D22B0 /* Build configuration list for PBXNativeTarget "CookingProcedureUITests" */;
			buildPhases = (
				092F6C842380CD04007D22B0 /* Sources */,
				092F6C852380CD04007D22B0 /* Frameworks */,
				092F6C862380CD04007D22B0 /* Resources */,
			);
			buildRules = (
			);
			dependencies = (
				092F6C8A2380CD04007D22B0 /* PBXTargetDependency */,
			);
			name = CookingProcedureUITests;
			productName = CookingProcedureUITests;
			productReference = 092F6C882380CD04007D22B0 /* CookingProcedureUITests.xctest */;
			productType = "com.apple.product-type.bundle.ui-testing";
		};
		092F6C902380CD04007D22B0 /* CookingProcedure WatchKit App */ = {
			isa = PBXNativeTarget;
			buildConfigurationList = 092F6CBE2380CD05007D22B0 /* Build configuration list for PBXNativeTarget "CookingProcedure WatchKit App" */;
			buildPhases = (
				092F6C8F2380CD04007D22B0 /* Resources */,
				092F6CBD2380CD05007D22B0 /* Embed App Extensions */,
			);
			buildRules = (
			);
			dependencies = (
				092F6CA32380CD05007D22B0 /* PBXTargetDependency */,
			);
			name = "CookingProcedure WatchKit App";
			productName = "CookingProcedure WatchKit App";
			productReference = 092F6C912380CD04007D22B0 /* CookingProcedure WatchKit App.app */;
			productType = "com.apple.product-type.application.watchapp2";
		};
		092F6C9F2380CD05007D22B0 /* CookingProcedure WatchKit Extension */ = {
			isa = PBXNativeTarget;
			buildConfigurationList = 092F6CBA2380CD05007D22B0 /* Build configuration list for PBXNativeTarget "CookingProcedure WatchKit Extension" */;
			buildPhases = (
				092F6C9C2380CD05007D22B0 /* Sources */,
				092F6C9D2380CD05007D22B0 /* Frameworks */,
				092F6C9E2380CD05007D22B0 /* Resources */,
			);
			buildRules = (
			);
			dependencies = (
			);
			name = "CookingProcedure WatchKit Extension";
			productName = "CookingProcedure WatchKit Extension";
			productReference = 092F6CA02380CD05007D22B0 /* CookingProcedure WatchKit Extension.appex */;
			productType = "com.apple.product-type.watchkit2-extension";
		};
/* End PBXNativeTarget section */

/* Begin PBXProject section */
		092F6C5F2380CD02007D22B0 /* Project object */ = {
			isa = PBXProject;
			attributes = {
				LastSwiftUpdateCheck = 1120;
				LastUpgradeCheck = 1120;
				ORGANIZATIONNAME = "堅固潤也";
				TargetAttributes = {
					092F6C662380CD02007D22B0 = {
						CreatedOnToolsVersion = 11.2;
					};
					092F6C7C2380CD04007D22B0 = {
						CreatedOnToolsVersion = 11.2;
						TestTargetID = 092F6C662380CD02007D22B0;
					};
					092F6C872380CD04007D22B0 = {
						CreatedOnToolsVersion = 11.2;
						TestTargetID = 092F6C662380CD02007D22B0;
					};
					092F6C902380CD04007D22B0 = {
						CreatedOnToolsVersion = 11.2;
						LastSwiftMigration = 1120;
					};
					092F6C9F2380CD05007D22B0 = {
						CreatedOnToolsVersion = 11.2;
					};
				};
			};
			buildConfigurationList = 092F6C622380CD02007D22B0 /* Build configuration list for PBXProject "CookingProcedure" */;
			compatibilityVersion = "Xcode 9.3";
			developmentRegion = en;
			hasScannedForEncodings = 0;
			knownRegions = (
				en,
				Base,
			);
			mainGroup = 092F6C5E2380CD02007D22B0;
			productRefGroup = 092F6C682380CD02007D22B0 /* Products */;
			projectDirPath = "";
			projectRoot = "";
			targets = (
				092F6C662380CD02007D22B0 /* CookingProcedure */,
				092F6C7C2380CD04007D22B0 /* CookingProcedureTests */,
				092F6C872380CD04007D22B0 /* CookingProcedureUITests */,
				092F6C902380CD04007D22B0 /* CookingProcedure WatchKit App */,
				092F6C9F2380CD05007D22B0 /* CookingProcedure WatchKit Extension */,
			);
		};
/* End PBXProject section */

/* Begin PBXResourcesBuildPhase section */
		092F6C652380CD02007D22B0 /* Resources */ = {
			isa = PBXResourcesBuildPhase;
			buildActionMask = 2147483647;
			files = (
				092F6C772380CD04007D22B0 /* LaunchScreen.storyboard in Resources */,
				092F6C742380CD04007D22B0 /* Preview Assets.xcassets in Resources */,
				092F6C712380CD04007D22B0 /* Assets.xcassets in Resources */,
			);
			runOnlyForDeploymentPostprocessing = 0;
		};
		092F6C7B2380CD04007D22B0 /* Resources */ = {
			isa = PBXResourcesBuildPhase;
			buildActionMask = 2147483647;
			files = (
			);
			runOnlyForDeploymentPostprocessing = 0;
		};
		092F6C862380CD04007D22B0 /* Resources */ = {
			isa = PBXResourcesBuildPhase;
			buildActionMask = 2147483647;
			files = (
			);
			runOnlyForDeploymentPostprocessing = 0;
		};
		092F6C8F2380CD04007D22B0 /* Resources */ = {
			isa = PBXResourcesBuildPhase;
			buildActionMask = 2147483647;
			files = (
				092F6C9A2380CD05007D22B0 /* Assets.xcassets in Resources */,
				092F6C982380CD04007D22B0 /* Interface.storyboard in Resources */,
			);
			runOnlyForDeploymentPostprocessing = 0;
		};
		092F6C9E2380CD05007D22B0 /* Resources */ = {
			isa = PBXResourcesBuildPhase;
			buildActionMask = 2147483647;
			files = (
				092F6CB52380CD05007D22B0 /* Preview Assets.xcassets in Resources */,
				092F6CB22380CD05007D22B0 /* Assets.xcassets in Resources */,
			);
			runOnlyForDeploymentPostprocessing = 0;
		};
/* End PBXResourcesBuildPhase section */

/* Begin PBXSourcesBuildPhase section */
		092F6C632380CD02007D22B0 /* Sources */ = {
			isa = PBXSourcesBuildPhase;
			buildActionMask = 2147483647;
			files = (
				092F6C6B2380CD02007D22B0 /* AppDelegate.swift in Sources */,
				092F6C6D2380CD02007D22B0 /* SceneDelegate.swift in Sources */,
				092F6CCC2380D3AB007D22B0 /* CardView.swift in Sources */,
				092F6C6F2380CD02007D22B0 /* ContentView.swift in Sources */,
				092F6CCF2380EE47007D22B0 /* CookingProceduredetail.swift in Sources */,
			);
			runOnlyForDeploymentPostprocessing = 0;
		};
		092F6C792380CD04007D22B0 /* Sources */ = {
			isa = PBXSourcesBuildPhase;
			buildActionMask = 2147483647;
			files = (
				092F6C822380CD04007D22B0 /* CookingProcedureTests.swift in Sources */,
			);
			runOnlyForDeploymentPostprocessing = 0;
		};
		092F6C842380CD04007D22B0 /* Sources */ = {
			isa = PBXSourcesBuildPhase;
			buildActionMask = 2147483647;
			files = (
				092F6C8D2380CD04007D22B0 /* CookingProcedureUITests.swift in Sources */,
			);
			runOnlyForDeploymentPostprocessing = 0;
		};
		092F6C9C2380CD05007D22B0 /* Sources */ = {
			isa = PBXSourcesBuildPhase;
			buildActionMask = 2147483647;
			files = (
				092F6CA82380CD05007D22B0 /* HostingController.swift in Sources */,
				092F6CA62380CD05007D22B0 /* ContentView.swift in Sources */,
				092F6CAC2380CD05007D22B0 /* NotificationController.swift in Sources */,
				092F6CAA2380CD05007D22B0 /* ExtensionDelegate.swift in Sources */,
				092F6CAE2380CD05007D22B0 /* NotificationView.swift in Sources */,
				092F6CB02380CD05007D22B0 /* ComplicationController.swift in Sources */,
			);
			runOnlyForDeploymentPostprocessing = 0;
		};
/* End PBXSourcesBuildPhase section */

/* Begin PBXTargetDependency section */
		092F6C7F2380CD04007D22B0 /* PBXTargetDependency */ = {
			isa = PBXTargetDependency;
			target = 092F6C662380CD02007D22B0 /* CookingProcedure */;
			targetProxy = 092F6C7E2380CD04007D22B0 /* PBXContainerItemProxy */;
		};
		092F6C8A2380CD04007D22B0 /* PBXTargetDependency */ = {
			isa = PBXTargetDependency;
			target = 092F6C662380CD02007D22B0 /* CookingProcedure */;
			targetProxy = 092F6C892380CD04007D22B0 /* PBXContainerItemProxy */;
		};
		092F6C942380CD04007D22B0 /* PBXTargetDependency */ = {
			isa = PBXTargetDependency;
			target = 092F6C902380CD04007D22B0 /* CookingProcedure WatchKit App */;
			targetProxy = 092F6C932380CD04007D22B0 /* PBXContainerItemProxy */;
		};
		092F6CA32380CD05007D22B0 /* PBXTargetDependency */ = {
			isa = PBXTargetDependency;
			target = 092F6C9F2380CD05007D22B0 /* CookingProcedure WatchKit Extension */;
			targetProxy = 092F6CA22380CD05007D22B0 /* PBXContainerItemProxy */;
		};
/* End PBXTargetDependency section */

/* Begin PBXVariantGroup section */
		092F6C752380CD04007D22B0 /* LaunchScreen.storyboard */ = {
			isa = PBXVariantGroup;
			children = (
				092F6C762380CD04007D22B0 /* Base */,
			);
			name = LaunchScreen.storyboard;
			sourceTree = "<group>";
		};
		092F6C962380CD04007D22B0 /* Interface.storyboard */ = {
			isa = PBXVariantGroup;
			children = (
				092F6C972380CD04007D22B0 /* Base */,
			);
			name = Interface.storyboard;
			sourceTree = "<group>";
		};
/* End PBXVariantGroup section */

/* Begin XCBuildConfiguration section */
		092F6CB82380CD05007D22B0 /* Debug */ = {
			isa = XCBuildConfiguration;
			buildSettings = {
				ALWAYS_SEARCH_USER_PATHS = NO;
				CLANG_ANALYZER_NONNULL = YES;
				CLANG_ANALYZER_NUMBER_OBJECT_CONVERSION = YES_AGGRESSIVE;
				CLANG_CXX_LANGUAGE_STANDARD = "gnu++14";
				CLANG_CXX_LIBRARY = "libc++";
				CLANG_ENABLE_MODULES = YES;
				CLANG_ENABLE_OBJC_ARC = YES;
				CLANG_ENABLE_OBJC_WEAK = YES;
				CLANG_WARN_BLOCK_CAPTURE_AUTORELEASING = YES;
				CLANG_WARN_BOOL_CONVERSION = YES;
				CLANG_WARN_COMMA = YES;
				CLANG_WARN_CONSTANT_CONVERSION = YES;
				CLANG_WARN_DEPRECATED_OBJC_IMPLEMENTATIONS = YES;
				CLANG_WARN_DIRECT_OBJC_ISA_USAGE = YES_ERROR;
				CLANG_WARN_DOCUMENTATION_COMMENTS = YES;
				CLANG_WARN_EMPTY_BODY = YES;
				CLANG_WARN_ENUM_CONVERSION = YES;
				CLANG_WARN_INFINITE_RECURSION = YES;
				CLANG_WARN_INT_CONVERSION = YES;
				CLANG_WARN_NON_LITERAL_NULL_CONVERSION = YES;
				CLANG_WARN_OBJC_IMPLICIT_RETAIN_SELF = YES;
				CLANG_WARN_OBJC_LITERAL_CONVERSION = YES;
				CLANG_WARN_OBJC_ROOT_CLASS = YES_ERROR;
				CLANG_WARN_RANGE_LOOP_ANALYSIS = YES;
				CLANG_WARN_STRICT_PROTOTYPES = YES;
				CLANG_WARN_SUSPICIOUS_MOVE = YES;
				CLANG_WARN_UNGUARDED_AVAILABILITY = YES_AGGRESSIVE;
				CLANG_WARN_UNREACHABLE_CODE = YES;
				CLANG_WARN__DUPLICATE_METHOD_MATCH = YES;
				COPY_PHASE_STRIP = NO;
				DEBUG_INFORMATION_FORMAT = dwarf;
				ENABLE_STRICT_OBJC_MSGSEND = YES;
				ENABLE_TESTABILITY = YES;
				GCC_C_LANGUAGE_STANDARD = gnu11;
				GCC_DYNAMIC_NO_PIC = NO;
				GCC_NO_COMMON_BLOCKS = YES;
				GCC_OPTIMIZATION_LEVEL = 0;
				GCC_PREPROCESSOR_DEFINITIONS = (
					"DEBUG=1",
					"$(inherited)",
				);
				GCC_WARN_64_TO_32_BIT_CONVERSION = YES;
				GCC_WARN_ABOUT_RETURN_TYPE = YES_ERROR;
				GCC_WARN_UNDECLARED_SELECTOR = YES;
				GCC_WARN_UNINITIALIZED_AUTOS = YES_AGGRESSIVE;
				GCC_WARN_UNUSED_FUNCTION = YES;
				GCC_WARN_UNUSED_VARIABLE = YES;
				IPHONEOS_DEPLOYMENT_TARGET = 13.2;
				MTL_ENABLE_DEBUG_INFO = INCLUDE_SOURCE;
				MTL_FAST_MATH = YES;
				ONLY_ACTIVE_ARCH = YES;
				SDKROOT = iphoneos;
				SWIFT_ACTIVE_COMPILATION_CONDITIONS = DEBUG;
				SWIFT_OPTIMIZATION_LEVEL = "-Onone";
			};
			name = Debug;
		};
		092F6CB92380CD05007D22B0 /* Release */ = {
			isa = XCBuildConfiguration;
			buildSettings = {
				ALWAYS_SEARCH_USER_PATHS = NO;
				CLANG_ANALYZER_NONNULL = YES;
				CLANG_ANALYZER_NUMBER_OBJECT_CONVERSION = YES_AGGRESSIVE;
				CLANG_CXX_LANGUAGE_STANDARD = "gnu++14";
				CLANG_CXX_LIBRARY = "libc++";
				CLANG_ENABLE_MODULES = YES;
				CLANG_ENABLE_OBJC_ARC = YES;
				CLANG_ENABLE_OBJC_WEAK = YES;
				CLANG_WARN_BLOCK_CAPTURE_AUTORELEASING = YES;
				CLANG_WARN_BOOL_CONVERSION = YES;
				CLANG_WARN_COMMA = YES;
				CLANG_WARN_CONSTANT_CONVERSION = YES;
				CLANG_WARN_DEPRECATED_OBJC_IMPLEMENTATIONS = YES;
				CLANG_WARN_DIRECT_OBJC_ISA_USAGE = YES_ERROR;
				CLANG_WARN_DOCUMENTATION_COMMENTS = YES;
				CLANG_WARN_EMPTY_BODY = YES;
				CLANG_WARN_ENUM_CONVERSION = YES;
				CLANG_WARN_INFINITE_RECURSION = YES;
				CLANG_WARN_INT_CONVERSION = YES;
				CLANG_WARN_NON_LITERAL_NULL_CONVERSION = YES;
				CLANG_WARN_OBJC_IMPLICIT_RETAIN_SELF = YES;
				CLANG_WARN_OBJC_LITERAL_CONVERSION = YES;
				CLANG_WARN_OBJC_ROOT_CLASS = YES_ERROR;
				CLANG_WARN_RANGE_LOOP_ANALYSIS = YES;
				CLANG_WARN_STRICT_PROTOTYPES = YES;
				CLANG_WARN_SUSPICIOUS_MOVE = YES;
				CLANG_WARN_UNGUARDED_AVAILABILITY = YES_AGGRESSIVE;
				CLANG_WARN_UNREACHABLE_CODE = YES;
				CLANG_WARN__DUPLICATE_METHOD_MATCH = YES;
				COPY_PHASE_STRIP = NO;
				DEBUG_INFORMATION_FORMAT = "dwarf-with-dsym";
				ENABLE_NS_ASSERTIONS = NO;
				ENABLE_STRICT_OBJC_MSGSEND = YES;
				GCC_C_LANGUAGE_STANDARD = gnu11;
				GCC_NO_COMMON_BLOCKS = YES;
				GCC_WARN_64_TO_32_BIT_CONVERSION = YES;
				GCC_WARN_ABOUT_RETURN_TYPE = YES_ERROR;
				GCC_WARN_UNDECLARED_SELECTOR = YES;
				GCC_WARN_UNINITIALIZED_AUTOS = YES_AGGRESSIVE;
				GCC_WARN_UNUSED_FUNCTION = YES;
				GCC_WARN_UNUSED_VARIABLE = YES;
				IPHONEOS_DEPLOYMENT_TARGET = 13.2;
				MTL_ENABLE_DEBUG_INFO = NO;
				MTL_FAST_MATH = YES;
				SDKROOT = iphoneos;
				SWIFT_COMPILATION_MODE = wholemodule;
				SWIFT_OPTIMIZATION_LEVEL = "-O";
				VALIDATE_PRODUCT = YES;
			};
			name = Release;
		};
		092F6CBB2380CD05007D22B0 /* Debug */ = {
			isa = XCBuildConfiguration;
			buildSettings = {
				ASSETCATALOG_COMPILER_COMPLICATION_NAME = Complication;
				CODE_SIGN_STYLE = Automatic;
				DEVELOPMENT_ASSET_PATHS = "\"CookingProcedure WatchKit Extension/Preview Content\"";
				DEVELOPMENT_TEAM = V2QA7J53GT;
				ENABLE_PREVIEWS = YES;
				INFOPLIST_FILE = "CookingProcedure WatchKit Extension/Info.plist";
				LD_RUNPATH_SEARCH_PATHS = (
					"$(inherited)",
					"@executable_path/Frameworks",
					"@executable_path/../../Frameworks",
				);
				PRODUCT_BUNDLE_IDENTIFIER = junyakengo.CookingProcedure.watchkitapp.watchkitextension;
				PRODUCT_NAME = "${TARGET_NAME}";
				SDKROOT = watchos;
				SKIP_INSTALL = YES;
				SWIFT_VERSION = 5.0;
				TARGETED_DEVICE_FAMILY = 4;
				WATCHOS_DEPLOYMENT_TARGET = 6.1;
			};
			name = Debug;
		};
		092F6CBC2380CD05007D22B0 /* Release */ = {
			isa = XCBuildConfiguration;
			buildSettings = {
				ASSETCATALOG_COMPILER_COMPLICATION_NAME = Complication;
				CODE_SIGN_STYLE = Automatic;
				DEVELOPMENT_ASSET_PATHS = "\"CookingProcedure WatchKit Extension/Preview Content\"";
				DEVELOPMENT_TEAM = V2QA7J53GT;
				ENABLE_PREVIEWS = YES;
				INFOPLIST_FILE = "CookingProcedure WatchKit Extension/Info.plist";
				LD_RUNPATH_SEARCH_PATHS = (
					"$(inherited)",
					"@executable_path/Frameworks",
					"@executable_path/../../Frameworks",
				);
				PRODUCT_BUNDLE_IDENTIFIER = junyakengo.CookingProcedure.watchkitapp.watchkitextension;
				PRODUCT_NAME = "${TARGET_NAME}";
				SDKROOT = watchos;
				SKIP_INSTALL = YES;
				SWIFT_VERSION = 5.0;
				TARGETED_DEVICE_FAMILY = 4;
				WATCHOS_DEPLOYMENT_TARGET = 6.1;
			};
			name = Release;
		};
		092F6CBF2380CD05007D22B0 /* Debug */ = {
			isa = XCBuildConfiguration;
			buildSettings = {
				ALWAYS_EMBED_SWIFT_STANDARD_LIBRARIES = YES;
				ASSETCATALOG_COMPILER_APPICON_NAME = AppIcon;
				CLANG_ENABLE_MODULES = YES;
				CODE_SIGN_STYLE = Automatic;
				DEVELOPMENT_TEAM = V2QA7J53GT;
				IBSC_MODULE = CookingProcedure_WatchKit_Extension;
				INFOPLIST_FILE = "CookingProcedure WatchKit App/Info.plist";
				LD_RUNPATH_SEARCH_PATHS = (
					"$(inherited)",
					"@executable_path/../Frameworks",
					"@loader_path/../Frameworks",
				);
				PRODUCT_BUNDLE_IDENTIFIER = junyakengo.CookingProcedure.watchkitapp;
				PRODUCT_NAME = "$(TARGET_NAME)";
				SDKROOT = watchos;
				SKIP_INSTALL = YES;
				SWIFT_OBJC_BRIDGING_HEADER = "CookingProcedure/CookingProcedure WatchKit App-Bridging-Header.h";
				SWIFT_OPTIMIZATION_LEVEL = "-Onone";
				SWIFT_VERSION = 5.0;
				TARGETED_DEVICE_FAMILY = 4;
				WATCHOS_DEPLOYMENT_TARGET = 6.1;
			};
			name = Debug;
		};
		092F6CC02380CD05007D22B0 /* Release */ = {
			isa = XCBuildConfiguration;
			buildSettings = {
				ALWAYS_EMBED_SWIFT_STANDARD_LIBRARIES = YES;
				ASSETCATALOG_COMPILER_APPICON_NAME = AppIcon;
				CLANG_ENABLE_MODULES = YES;
				CODE_SIGN_STYLE = Automatic;
				DEVELOPMENT_TEAM = V2QA7J53GT;
				IBSC_MODULE = CookingProcedure_WatchKit_Extension;
				INFOPLIST_FILE = "CookingProcedure WatchKit App/Info.plist";
				LD_RUNPATH_SEARCH_PATHS = (
					"$(inherited)",
					"@executable_path/../Frameworks",
					"@loader_path/../Frameworks",
				);
				PRODUCT_BUNDLE_IDENTIFIER = junyakengo.CookingProcedure.watchkitapp;
				PRODUCT_NAME = "$(TARGET_NAME)";
				SDKROOT = watchos;
				SKIP_INSTALL = YES;
				SWIFT_OBJC_BRIDGING_HEADER = "CookingProcedure/CookingProcedure WatchKit App-Bridging-Header.h";
				SWIFT_VERSION = 5.0;
				TARGETED_DEVICE_FAMILY = 4;
				WATCHOS_DEPLOYMENT_TARGET = 6.1;
			};
			name = Release;
		};
		092F6CC32380CD05007D22B0 /* Debug */ = {
			isa = XCBuildConfiguration;
			buildSettings = {
				ASSETCATALOG_COMPILER_APPICON_NAME = AppIcon;
				CODE_SIGN_STYLE = Automatic;
				DEVELOPMENT_ASSET_PATHS = "\"CookingProcedure/Preview Content\"";
				DEVELOPMENT_TEAM = V2QA7J53GT;
				ENABLE_PREVIEWS = YES;
				INFOPLIST_FILE = CookingProcedure/Info.plist;
				LD_RUNPATH_SEARCH_PATHS = (
					"$(inherited)",
					"@executable_path/Frameworks",
				);
				PRODUCT_BUNDLE_IDENTIFIER = junyakengo.CookingProcedure;
				PRODUCT_NAME = "$(TARGET_NAME)";
				SWIFT_VERSION = 5.0;
				TARGETED_DEVICE_FAMILY = "1,2";
			};
			name = Debug;
		};
		092F6CC42380CD05007D22B0 /* Release */ = {
			isa = XCBuildConfiguration;
			buildSettings = {
				ASSETCATALOG_COMPILER_APPICON_NAME = AppIcon;
				CODE_SIGN_STYLE = Automatic;
				DEVELOPMENT_ASSET_PATHS = "\"CookingProcedure/Preview Content\"";
				DEVELOPMENT_TEAM = V2QA7J53GT;
				ENABLE_PREVIEWS = YES;
				INFOPLIST_FILE = CookingProcedure/Info.plist;
				LD_RUNPATH_SEARCH_PATHS = (
					"$(inherited)",
					"@executable_path/Frameworks",
				);
				PRODUCT_BUNDLE_IDENTIFIER = junyakengo.CookingProcedure;
				PRODUCT_NAME = "$(TARGET_NAME)";
				SWIFT_VERSION = 5.0;
				TARGETED_DEVICE_FAMILY = "1,2";
			};
			name = Release;
		};
		092F6CC62380CD05007D22B0 /* Debug */ = {
			isa = XCBuildConfiguration;
			buildSettings = {
				ALWAYS_EMBED_SWIFT_STANDARD_LIBRARIES = YES;
				BUNDLE_LOADER = "$(TEST_HOST)";
				CODE_SIGN_STYLE = Automatic;
				DEVELOPMENT_TEAM = V2QA7J53GT;
				INFOPLIST_FILE = CookingProcedureTests/Info.plist;
				IPHONEOS_DEPLOYMENT_TARGET = 13.2;
				LD_RUNPATH_SEARCH_PATHS = (
					"$(inherited)",
					"@executable_path/Frameworks",
					"@loader_path/Frameworks",
				);
				PRODUCT_BUNDLE_IDENTIFIER = junyakengo.CookingProcedureTests;
				PRODUCT_NAME = "$(TARGET_NAME)";
				SWIFT_VERSION = 5.0;
				TARGETED_DEVICE_FAMILY = "1,2";
				TEST_HOST = "$(BUILT_PRODUCTS_DIR)/CookingProcedure.app/CookingProcedure";
			};
			name = Debug;
		};
		092F6CC72380CD05007D22B0 /* Release */ = {
			isa = XCBuildConfiguration;
			buildSettings = {
				ALWAYS_EMBED_SWIFT_STANDARD_LIBRARIES = YES;
				BUNDLE_LOADER = "$(TEST_HOST)";
				CODE_SIGN_STYLE = Automatic;
				DEVELOPMENT_TEAM = V2QA7J53GT;
				INFOPLIST_FILE = CookingProcedureTests/Info.plist;
				IPHONEOS_DEPLOYMENT_TARGET = 13.2;
				LD_RUNPATH_SEARCH_PATHS = (
					"$(inherited)",
					"@executable_path/Frameworks",
					"@loader_path/Frameworks",
				);
				PRODUCT_BUNDLE_IDENTIFIER = junyakengo.CookingProcedureTests;
				PRODUCT_NAME = "$(TARGET_NAME)";
				SWIFT_VERSION = 5.0;
				TARGETED_DEVICE_FAMILY = "1,2";
				TEST_HOST = "$(BUILT_PRODUCTS_DIR)/CookingProcedure.app/CookingProcedure";
			};
			name = Release;
		};
		092F6CC92380CD05007D22B0 /* Debug */ = {
			isa = XCBuildConfiguration;
			buildSettings = {
				ALWAYS_EMBED_SWIFT_STANDARD_LIBRARIES = YES;
				CODE_SIGN_STYLE = Automatic;
				DEVELOPMENT_TEAM = V2QA7J53GT;
				INFOPLIST_FILE = CookingProcedureUITests/Info.plist;
				LD_RUNPATH_SEARCH_PATHS = (
					"$(inherited)",
					"@executable_path/Frameworks",
					"@loader_path/Frameworks",
				);
				PRODUCT_BUNDLE_IDENTIFIER = junyakengo.CookingProcedureUITests;
				PRODUCT_NAME = "$(TARGET_NAME)";
				SWIFT_VERSION = 5.0;
				TARGETED_DEVICE_FAMILY = "1,2";
				TEST_TARGET_NAME = CookingProcedure;
			};
			name = Debug;
		};
		092F6CCA2380CD05007D22B0 /* Release */ = {
			isa = XCBuildConfiguration;
			buildSettings = {
				ALWAYS_EMBED_SWIFT_STANDARD_LIBRARIES = YES;
				CODE_SIGN_STYLE = Automatic;
				DEVELOPMENT_TEAM = V2QA7J53GT;
				INFOPLIST_FILE = CookingProcedureUITests/Info.plist;
				LD_RUNPATH_SEARCH_PATHS = (
					"$(inherited)",
					"@executable_path/Frameworks",
					"@loader_path/Frameworks",
				);
				PRODUCT_BUNDLE_IDENTIFIER = junyakengo.CookingProcedureUITests;
				PRODUCT_NAME = "$(TARGET_NAME)";
				SWIFT_VERSION = 5.0;
				TARGETED_DEVICE_FAMILY = "1,2";
				TEST_TARGET_NAME = CookingProcedure;
			};
			name = Release;
		};
/* End XCBuildConfiguration section */

/* Begin XCConfigurationList section */
		092F6C622380CD02007D22B0 /* Build configuration list for PBXProject "CookingProcedure" */ = {
			isa = XCConfigurationList;
			buildConfigurations = (
				092F6CB82380CD05007D22B0 /* Debug */,
				092F6CB92380CD05007D22B0 /* Release */,
			);
			defaultConfigurationIsVisible = 0;
			defaultConfigurationName = Release;
		};
		092F6CBA2380CD05007D22B0 /* Build configuration list for PBXNativeTarget "CookingProcedure WatchKit Extension" */ = {
			isa = XCConfigurationList;
			buildConfigurations = (
				092F6CBB2380CD05007D22B0 /* Debug */,
				092F6CBC2380CD05007D22B0 /* Release */,
			);
			defaultConfigurationIsVisible = 0;
			defaultConfigurationName = Release;
		};
		092F6CBE2380CD05007D22B0 /* Build configuration list for PBXNativeTarget "CookingProcedure WatchKit App" */ = {
			isa = XCConfigurationList;
			buildConfigurations = (
				092F6CBF2380CD05007D22B0 /* Debug */,
				092F6CC02380CD05007D22B0 /* Release */,
			);
			defaultConfigurationIsVisible = 0;
			defaultConfigurationName = Release;
		};
		092F6CC22380CD05007D22B0 /* Build configuration list for PBXNativeTarget "CookingProcedure" */ = {
			isa = XCConfigurationList;
			buildConfigurations = (
				092F6CC32380CD05007D22B0 /* Debug */,
				092F6CC42380CD05007D22B0 /* Release */,
			);
			defaultConfigurationIsVisible = 0;
			defaultConfigurationName = Release;
		};
		092F6CC52380CD05007D22B0 /* Build configuration list for PBXNativeTarget "CookingProcedureTests" */ = {
			isa = XCConfigurationList;
			buildConfigurations = (
				092F6CC62380CD05007D22B0 /* Debug */,
				092F6CC72380CD05007D22B0 /* Release */,
			);
			defaultConfigurationIsVisible = 0;
			defaultConfigurationName = Release;
		};
		092F6CC82380CD05007D22B0 /* Build configuration list for PBXNativeTarget "CookingProcedureUITests" */ = {
			isa = XCConfigurationList;
			buildConfigurations = (
				092F6CC92380CD05007D22B0 /* Debug */,
				092F6CCA2380CD05007D22B0 /* Release */,
			);
			defaultConfigurationIsVisible = 0;
			defaultConfigurationName = Release;
		};
/* End XCConfigurationList section */
	};
	rootObject = 092F6C5F2380CD02007D22B0 /* Project object */;
}
